
Microsoft Visual Studio Solution File, Format Version 12.00
# Visual Studio 15
VisualStudioVersion = 15.0.28307.168
MinimumVisualStudioVersion = 10.0.40219.1
Project("{F184B08F-C81C-45F6-A57F-5ABD9991F28F}") = "Rebusco", "Rebusco\Rebusco.vbproj", "{0848218F-E954-4556-AB24-FEC40122275E}"
EndProject
Global
	GlobalSection(SolutionConfigurationPlatforms) = preSolution
		Debug|Any CPU = Debug|Any CPU
		Release|Any CPU = Release|Any CPU
	EndGlobalSection
	GlobalSection(ProjectConfigurationPlatforms) = postSolution
		{0848218F-E954-4556-AB24-FEC40122275E}.Debug|Any CPU.ActiveCfg = Debug|Any CPU
		{0848218F-E954-4556-AB24-FEC40122275E}.Debug|Any CPU.Build.0 = Debug|Any CPU
		{0848218F-E954-4556-AB24-FEC40122275E}.Release|Any CPU.ActiveCfg = Release|Any CPU
		{0848218F-E954-4556-AB24-FEC40122275E}.Release|Any CPU.Build.0 = Release|Any CPU
	EndGlobalSection
	GlobalSection(SolutionProperties) = preSolution
		HideSolutionNode = FALSE
	EndGlobalSection
	GlobalSection(ExtensibilityGlobals) = postSolution
		VisualSVNWorkingCopyRoot = .
		SolutionGuid = {82A56F36-D018-45F7-9E17-E6CA93005EFB}
	EndGlobalSection
EndGlobal
